// !$*UTF8*$!
{
	archiveVersion = 1;
	classes = {
	};
	objectVersion = 55;
	objects = {

/* Begin PBXBuildFile section */
		C60029F928AF123F009BF2E0 /* FrameworkDetailView.swift in Sources */ = {isa = PBXBuildFile; fileRef = C60029F828AF123F009BF2E0 /* FrameworkDetailView.swift */; };
		C60029FD28AF2B25009BF2E0 /* FrameworkGridViewModel.swift in Sources */ = {isa = PBXBuildFile; fileRef = C60029FC28AF2B25009BF2E0 /* FrameworkGridViewModel.swift */; };
		C60726D828AF3F9F00AF0057 /* SafariView.swift in Sources */ = {isa = PBXBuildFile; fileRef = C60726D728AF3F9F00AF0057 /* SafariView.swift */; };
		C60726DA28AF469400AF0057 /* FrameworkTitleView.swift in Sources */ = {isa = PBXBuildFile; fileRef = C60726D928AF469400AF0057 /* FrameworkTitleView.swift */; };
		C623B1F628B93CDC00E875DE /* FrameworkDetailViewModel.swift in Sources */ = {isa = PBXBuildFile; fileRef = C623B1F528B93CDC00E875DE /* FrameworkDetailViewModel.swift */; };
		C695541928AEE66100EB67E7 /* AppleFrameworksApp.swift in Sources */ = {isa = PBXBuildFile; fileRef = C695541828AEE66100EB67E7 /* AppleFrameworksApp.swift */; };
		C695541B28AEE66100EB67E7 /* FrameworkGridView.swift in Sources */ = {isa = PBXBuildFile; fileRef = C695541A28AEE66100EB67E7 /* FrameworkGridView.swift */; };
		C695541D28AEE66100EB67E7 /* Assets.xcassets in Resources */ = {isa = PBXBuildFile; fileRef = C695541C28AEE66100EB67E7 /* Assets.xcassets */; };
		C695542028AEE66100EB67E7 /* Preview Assets.xcassets in Resources */ = {isa = PBXBuildFile; fileRef = C695541F28AEE66100EB67E7 /* Preview Assets.xcassets */; };
		C695542728AEE77C00EB67E7 /* Framework.swift in Sources */ = {isa = PBXBuildFile; fileRef = C695542628AEE77C00EB67E7 /* Framework.swift */; };
/* End PBXBuildFile section */

/* Begin PBXFileReference section */
		C60029F828AF123F009BF2E0 /* FrameworkDetailView.swift */ = {isa = PBXFileReference; lastKnownFileType = sourcecode.swift; path = FrameworkDetailView.swift; sourceTree = "<group>"; };
		C60029FC28AF2B25009BF2E0 /* FrameworkGridViewModel.swift */ = {isa = PBXFileReference; lastKnownFileType = sourcecode.swift; path = FrameworkGridViewModel.swift; sourceTree = "<group>"; };
		C60726D728AF3F9F00AF0057 /* SafariView.swift */ = {isa = PBXFileReference; lastKnownFileType = sourcecode.swift; path = SafariView.swift; sourceTree = "<group>"; };
		C60726D928AF469400AF0057 /* FrameworkTitleView.swift */ = {isa = PBXFileReference; lastKnownFileType = sourcecode.swift; path = FrameworkTitleView.swift; sourceTree = "<group>"; };
		C623B1F528B93CDC00E875DE /* FrameworkDetailViewModel.swift */ = {isa = PBXFileReference; lastKnownFileType = sourcecode.swift; path = FrameworkDetailViewModel.swift; sourceTree = "<group>"; };
		C695541528AEE66100EB67E7 /* AppleFrameworks.app */ = {isa = PBXFileReference; explicitFileType = wrapper.application; includeInIndex = 0; path = AppleFrameworks.app; sourceTree = BUILT_PRODUCTS_DIR; };
		C695541828AEE66100EB67E7 /* AppleFrameworksApp.swift */ = {isa = PBXFileReference; lastKnownFileType = sourcecode.swift; path = AppleFrameworksApp.swift; sourceTree = "<group>"; };
		C695541A28AEE66100EB67E7 /* FrameworkGridView.swift */ = {isa = PBXFileReference; lastKnownFileType = sourcecode.swift; path = FrameworkGridView.swift; sourceTree = "<group>"; };
		C695541C28AEE66100EB67E7 /* Assets.xcassets */ = {isa = PBXFileReference; lastKnownFileType = folder.assetcatalog; path = Assets.xcassets; sourceTree = "<group>"; };
		C695541F28AEE66100EB67E7 /* Preview Assets.xcassets */ = {isa = PBXFileReference; lastKnownFileType = folder.assetcatalog; path = "Preview Assets.xcassets"; sourceTree = "<group>"; };
		C695542628AEE77C00EB67E7 /* Framework.swift */ = {isa = PBXFileReference; lastKnownFileType = sourcecode.swift; path = Framework.swift; sourceTree = "<group>"; };
/* End PBXFileReference section */

/* Begin PBXFrameworksBuildPhase section */
		C695541228AEE66100EB67E7 /* Frameworks */ = {
			isa = PBXFrameworksBuildPhase;
			buildActionMask = 2147483647;
			files = (
			);
			runOnlyForDeploymentPostprocessing = 0;
		};
/* End PBXFrameworksBuildPhase section */

/* Begin PBXGroup section */
		C60726DB28AF490A00AF0057 /* Views */ = {
			isa = PBXGroup;
			children = (
				C60726DC28AF491100AF0057 /* FrameworkGridView */,
				C60726DD28AF492C00AF0057 /* FrameworkDetailView */,
			);
			path = Views;
			sourceTree = "<group>";
		};
		C60726DC28AF491100AF0057 /* FrameworkGridView */ = {
			isa = PBXGroup;
			children = (
				C695541A28AEE66100EB67E7 /* FrameworkGridView.swift */,
				C60029FC28AF2B25009BF2E0 /* FrameworkGridViewModel.swift */,
			);
			path = FrameworkGridView;
			sourceTree = "<group>";
		};
		C60726DD28AF492C00AF0057 /* FrameworkDetailView */ = {
			isa = PBXGroup;
			children = (
				C60029F828AF123F009BF2E0 /* FrameworkDetailView.swift */,
				C623B1F528B93CDC00E875DE /* FrameworkDetailViewModel.swift */,
			);
			path = FrameworkDetailView;
			sourceTree = "<group>";
		};
		C60726DE28AF495C00AF0057 /* View Components */ = {
			isa = PBXGroup;
			children = (
				C60726D928AF469400AF0057 /* FrameworkTitleView.swift */,
			);
			path = "View Components";
			sourceTree = "<group>";
		};
		C60726DF28AF497800AF0057 /* UIKit Components */ = {
			isa = PBXGroup;
			children = (
				C60726D728AF3F9F00AF0057 /* SafariView.swift */,
			);
			path = "UIKit Components";
			sourceTree = "<group>";
		};
		C60726E028AF499A00AF0057 /* Models */ = {
			isa = PBXGroup;
			children = (
				C695542628AEE77C00EB67E7 /* Framework.swift */,
			);
			path = Models;
			sourceTree = "<group>";
		};
		C695540C28AEE66100EB67E7 = {
			isa = PBXGroup;
			children = (
				C695541728AEE66100EB67E7 /* AppleFrameworks */,
				C695541628AEE66100EB67E7 /* Products */,
			);
			sourceTree = "<group>";
		};
		C695541628AEE66100EB67E7 /* Products */ = {
			isa = PBXGroup;
			children = (
				C695541528AEE66100EB67E7 /* AppleFrameworks.app */,
			);
			name = Products;
			sourceTree = "<group>";
		};
		C695541728AEE66100EB67E7 /* AppleFrameworks */ = {
			isa = PBXGroup;
			children = (
				C60726E028AF499A00AF0057 /* Models */,
				C60726DF28AF497800AF0057 /* UIKit Components */,
				C60726DB28AF490A00AF0057 /* Views */,
				C60726DE28AF495C00AF0057 /* View Components */,
				C695541828AEE66100EB67E7 /* AppleFrameworksApp.swift */,
				C695541C28AEE66100EB67E7 /* Assets.xcassets */,
				C695541E28AEE66100EB67E7 /* Preview Content */,
			);
			path = AppleFrameworks;
			sourceTree = "<group>";
		};
		C695541E28AEE66100EB67E7 /* Preview Content */ = {
			isa = PBXGroup;
			children = (
				C695541F28AEE66100EB67E7 /* Preview Assets.xcassets */,
			);
			path = "Preview Content";
			sourceTree = "<group>";
		};
/* End PBXGroup section */

/* Begin PBXNativeTarget section */
		C695541428AEE66100EB67E7 /* AppleFrameworks */ = {
			isa = PBXNativeTarget;
			buildConfigurationList = C695542328AEE66100EB67E7 /* Build configuration list for PBXNativeTarget "AppleFrameworks" */;
			buildPhases = (
				C695541128AEE66100EB67E7 /* Sources */,
				C695541228AEE66100EB67E7 /* Frameworks */,
				C695541328AEE66100EB67E7 /* Resources */,
			);
			buildRules = (
			);
			dependencies = (
			);
			name = AppleFrameworks;
			productName = AppleFrameworks;
			productReference = C695541528AEE66100EB67E7 /* AppleFrameworks.app */;
			productType = "com.apple.product-type.application";
		};
/* End PBXNativeTarget section */

/* Begin PBXProject section */
		C695540D28AEE66100EB67E7 /* Project object */ = {
			isa = PBXProject;
			attributes = {
				BuildIndependentTargetsInParallel = 1;
				LastSwiftUpdateCheck = 1340;
				LastUpgradeCheck = 1340;
				TargetAttributes = {
					C695541428AEE66100EB67E7 = {
						CreatedOnToolsVersion = 13.4.1;
					};
				};
			};
			buildConfigurationList = C695541028AEE66100EB67E7 /* Build configuration list for PBXProject "AppleFrameworks" */;
			compatibilityVersion = "Xcode 13.0";
			developmentRegion = en;
			hasScannedForEncodings = 0;
			knownRegions = (
				en,
				Base,
			);
			mainGroup = C695540C28AEE66100EB67E7;
			productRefGroup = C695541628AEE66100EB67E7 /* Products */;
			projectDirPath = "";
			projectRoot = "";
			targets = (
				C695541428AEE66100EB67E7 /* AppleFrameworks */,
			);
		};
/* End PBXProject section */

/* Begin PBXResourcesBuildPhase section */
		C695541328AEE66100EB67E7 /* Resources */ = {
			isa = PBXResourcesBuildPhase;
			buildActionMask = 2147483647;
			files = (
				C695542028AEE66100EB67E7 /* Preview Assets.xcassets in Resources */,
				C695541D28AEE66100EB67E7 /* Assets.xcassets in Resources */,
			);
			runOnlyForDeploymentPostprocessing = 0;
		};
/* End PBXResourcesBuildPhase section */

/* Begin PBXSourcesBuildPhase section */
		C695541128AEE66100EB67E7 /* Sources */ = {
			isa = PBXSourcesBuildPhase;
			buildActionMask = 2147483647;
			files = (
				C60029F928AF123F009BF2E0 /* FrameworkDetailView.swift in Sources */,
				C695541B28AEE66100EB67E7 /* FrameworkGridView.swift in Sources */,
				C695542728AEE77C00EB67E7 /* Framework.swift in Sources */,
				C695541928AEE66100EB67E7 /* AppleFrameworksApp.swift in Sources */,
				C60029FD28AF2B25009BF2E0 /* FrameworkGridViewModel.swift in Sources */,
				C60726DA28AF469400AF0057 /* FrameworkTitleView.swift in Sources */,
				C623B1F628B93CDC00E875DE /* FrameworkDetailViewModel.swift in Sources */,
				C60726D828AF3F9F00AF0057 /* SafariView.swift in Sources */,
			);
			runOnlyForDeploymentPostprocessing = 0;
		};
/* End PBXSourcesBuildPhase section */

/* Begin XCBuildConfiguration section */
		C695542128AEE66100EB67E7 /* Debug */ = {
			isa = XCBuildConfiguration;
			buildSettings = {
				ALWAYS_SEARCH_USER_PATHS = NO;
				CLANG_ANALYZER_NONNULL = YES;
				CLANG_ANALYZER_NUMBER_OBJECT_CONVERSION = YES_AGGRESSIVE;
				CLANG_CXX_LANGUAGE_STANDARD = "gnu++17";
				CLANG_ENABLE_MODULES = YES;
				CLANG_ENABLE_OBJC_ARC = YES;
				CLANG_ENABLE_OBJC_WEAK = YES;
				CLANG_WARN_BLOCK_CAPTURE_AUTORELEASING = YES;
				CLANG_WARN_BOOL_CONVERSION = YES;
				CLANG_WARN_COMMA = YES;
				CLANG_WARN_CONSTANT_CONVERSION = YES;
				CLANG_WARN_DEPRECATED_OBJC_IMPLEMENTATIONS = YES;
				CLANG_WARN_DIRECT_OBJC_ISA_USAGE = YES_ERROR;
				CLANG_WARN_DOCUMENTATION_COMMENTS = YES;
				CLANG_WARN_EMPTY_BODY = YES;
				CLANG_WARN_ENUM_CONVERSION = YES;
				CLANG_WARN_INFINITE_RECURSION = YES;
				CLANG_WARN_INT_CONVERSION = YES;
				CLANG_WARN_NON_LITERAL_NULL_CONVERSION = YES;
				CLANG_WARN_OBJC_IMPLICIT_RETAIN_SELF = YES;
				CLANG_WARN_OBJC_LITERAL_CONVERSION = YES;
				CLANG_WARN_OBJC_ROOT_CLASS = YES_ERROR;
				CLANG_WARN_QUOTED_INCLUDE_IN_FRAMEWORK_HEADER = YES;
				CLANG_WARN_RANGE_LOOP_ANALYSIS = YES;
				CLANG_WARN_STRICT_PROTOTYPES = YES;
				CLANG_WARN_SUSPICIOUS_MOVE = YES;
				CLANG_WARN_UNGUARDED_AVAILABILITY = YES_AGGRESSIVE;
				CLANG_WARN_UNREACHABLE_CODE = YES;
				CLANG_WARN__DUPLICATE_METHOD_MATCH = YES;
				COPY_PHASE_STRIP = NO;
				DEBUG_INFORMATION_FORMAT = dwarf;
				ENABLE_STRICT_OBJC_MSGSEND = YES;
				ENABLE_TESTABILITY = YES;
				GCC_C_LANGUAGE_STANDARD = gnu11;
				GCC_DYNAMIC_NO_PIC = NO;
				GCC_NO_COMMON_BLOCKS = YES;
				GCC_OPTIMIZATION_LEVEL = 0;
				GCC_PREPROCESSOR_DEFINITIONS = (
					"DEBUG=1",
					"$(inherited)",
				);
				GCC_WARN_64_TO_32_BIT_CONVERSION = YES;
				GCC_WARN_ABOUT_RETURN_TYPE = YES_ERROR;
				GCC_WARN_UNDECLARED_SELECTOR = YES;
				GCC_WARN_UNINITIALIZED_AUTOS = YES_AGGRESSIVE;
				GCC_WARN_UNUSED_FUNCTION = YES;
				GCC_WARN_UNUSED_VARIABLE = YES;
				IPHONEOS_DEPLOYMENT_TARGET = 15.5;
				MTL_ENABLE_DEBUG_INFO = INCLUDE_SOURCE;
				MTL_FAST_MATH = YES;
				ONLY_ACTIVE_ARCH = YES;
				SDKROOT = iphoneos;
				SWIFT_ACTIVE_COMPILATION_CONDITIONS = DEBUG;
				SWIFT_OPTIMIZATION_LEVEL = "-Onone";
			};
			name = Debug;
		};
		C695542228AEE66100EB67E7 /* Release */ = {
			isa = XCBuildConfiguration;
			buildSettings = {
				ALWAYS_SEARCH_USER_PATHS = NO;
				CLANG_ANALYZER_NONNULL = YES;
				CLANG_ANALYZER_NUMBER_OBJECT_CONVERSION = YES_AGGRESSIVE;
				CLANG_CXX_LANGUAGE_STANDARD = "gnu++17";
				CLANG_ENABLE_MODULES = YES;
				CLANG_ENABLE_OBJC_ARC = YES;
				CLANG_ENABLE_OBJC_WEAK = YES;
				CLANG_WARN_BLOCK_CAPTURE_AUTORELEASING = YES;
				CLANG_WARN_BOOL_CONVERSION = YES;
				CLANG_WARN_COMMA = YES;
				CLANG_WARN_CONSTANT_CONVERSION = YES;
				CLANG_WARN_DEPRECATED_OBJC_IMPLEMENTATIONS = YES;
				CLANG_WARN_DIRECT_OBJC_ISA_USAGE = YES_ERROR;
				CLANG_WARN_DOCUMENTATION_COMMENTS = YES;
				CLANG_WARN_EMPTY_BODY = YES;
				CLANG_WARN_ENUM_CONVERSION = YES;
				CLANG_WARN_INFINITE_RECURSION = YES;
				CLANG_WARN_INT_CONVERSION = YES;
				CLANG_WARN_NON_LITERAL_NULL_CONVERSION = YES;
				CLANG_WARN_OBJC_IMPLICIT_RETAIN_SELF = YES;
				CLANG_WARN_OBJC_LITERAL_CONVERSION = YES;
				CLANG_WARN_OBJC_ROOT_CLASS = YES_ERROR;
				CLANG_WARN_QUOTED_INCLUDE_IN_FRAMEWORK_HEADER = YES;
				CLANG_WARN_RANGE_LOOP_ANALYSIS = YES;
				CLANG_WARN_STRICT_PROTOTYPES = YES;
				CLANG_WARN_SUSPICIOUS_MOVE = YES;
				CLANG_WARN_UNGUARDED_AVAILABILITY = YES_AGGRESSIVE;
				CLANG_WARN_UNREACHABLE_CODE = YES;
				CLANG_WARN__DUPLICATE_METHOD_MATCH = YES;
				COPY_PHASE_STRIP = NO;
				DEBUG_INFORMATION_FORMAT = "dwarf-with-dsym";
				ENABLE_NS_ASSERTIONS = NO;
				ENABLE_STRICT_OBJC_MSGSEND = YES;
				GCC_C_LANGUAGE_STANDARD = gnu11;
				GCC_NO_COMMON_BLOCKS = YES;
				GCC_WARN_64_TO_32_BIT_CONVERSION = YES;
				GCC_WARN_ABOUT_RETURN_TYPE = YES_ERROR;
				GCC_WARN_UNDECLARED_SELECTOR = YES;
				GCC_WARN_UNINITIALIZED_AUTOS = YES_AGGRESSIVE;
				GCC_WARN_UNUSED_FUNCTION = YES;
				GCC_WARN_UNUSED_VARIABLE = YES;
				IPHONEOS_DEPLOYMENT_TARGET = 15.5;
				MTL_ENABLE_DEBUG_INFO = NO;
				MTL_FAST_MATH = YES;
				SDKROOT = iphoneos;
				SWIFT_COMPILATION_MODE = wholemodule;
				SWIFT_OPTIMIZATION_LEVEL = "-O";
				VALIDATE_PRODUCT = YES;
			};
			name = Release;
		};
		C695542428AEE66100EB67E7 /* Debug */ = {
			isa = XCBuildConfiguration;
			buildSettings = {
				ASSETCATALOG_COMPILER_APPICON_NAME = AppIcon;
				ASSETCATALOG_COMPILER_GLOBAL_ACCENT_COLOR_NAME = AccentColor;
				CODE_SIGN_STYLE = Automatic;
				CURRENT_PROJECT_VERSION = 1;
				DEVELOPMENT_ASSET_PATHS = "\"AppleFrameworks/Preview Content\"";
				DEVELOPMENT_TEAM = S4D8WSLNV7;
				ENABLE_PREVIEWS = YES;
				GENERATE_INFOPLIST_FILE = YES;
				INFOPLIST_KEY_UIApplicationSceneManifest_Generation = YES;
				INFOPLIST_KEY_UIApplicationSupportsIndirectInputEvents = YES;
				INFOPLIST_KEY_UILaunchScreen_Generation = YES;
				INFOPLIST_KEY_UISupportedInterfaceOrientations_iPad = "UIInterfaceOrientationPortrait UIInterfaceOrientationPortraitUpsideDown UIInterfaceOrientationLandscapeLeft UIInterfaceOrientationLandscapeRight";
				INFOPLIST_KEY_UISupportedInterfaceOrientations_iPhone = "UIInterfaceOrientationPortrait UIInterfaceOrientationLandscapeLeft UIInterfaceOrientationLandscapeRight";
				LD_RUNPATH_SEARCH_PATHS = (
					"$(inherited)",
					"@executable_path/Frameworks",
				);
				MARKETING_VERSION = 1.0;
				PRODUCT_BUNDLE_IDENTIFIER = com.martinstofko.AppleFrameworks;
				PRODUCT_NAME = "$(TARGET_NAME)";
				SWIFT_EMIT_LOC_STRINGS = YES;
				SWIFT_VERSION = 5.0;
				TARGETED_DEVICE_FAMILY = "1,2";
			};
			name = Debug;
		};
		C695542528AEE66100EB67E7 /* Release */ = {
			isa = XCBuildConfiguration;
			buildSettings = {
				ASSETCATALOG_COMPILER_APPICON_NAME = AppIcon;
				ASSETCATALOG_COMPILER_GLOBAL_ACCENT_COLOR_NAME = AccentColor;
				CODE_SIGN_STYLE = Automatic;
				CURRENT_PROJECT_VERSION = 1;
				DEVELOPMENT_ASSET_PATHS = "\"AppleFrameworks/Preview Content\"";
				DEVELOPMENT_TEAM = S4D8WSLNV7;
				ENABLE_PREVIEWS = YES;
				GENERATE_INFOPLIST_FILE = YES;
				INFOPLIST_KEY_UIApplicationSceneManifest_Generation = YES;
				INFOPLIST_KEY_UIApplicationSupportsIndirectInputEvents = YES;
				INFOPLIST_KEY_UILaunchScreen_Generation = YES;
				INFOPLIST_KEY_UISupportedInterfaceOrientations_iPad = "UIInterfaceOrientationPortrait UIInterfaceOrientationPortraitUpsideDown UIInterfaceOrientationLandscapeLeft UIInterfaceOrientationLandscapeRight";
				INFOPLIST_KEY_UISupportedInterfaceOrientations_iPhone = "UIInterfaceOrientationPortrait UIInterfaceOrientationLandscapeLeft UIInterfaceOrientationLandscapeRight";
				LD_RUNPATH_SEARCH_PATHS = (
					"$(inherited)",
					"@executable_path/Frameworks",
				);
				MARKETING_VERSION = 1.0;
				PRODUCT_BUNDLE_IDENTIFIER = com.martinstofko.AppleFrameworks;
				PRODUCT_NAME = "$(TARGET_NAME)";
				SWIFT_EMIT_LOC_STRINGS = YES;
				SWIFT_VERSION = 5.0;
				TARGETED_DEVICE_FAMILY = "1,2";
			};
			name = Release;
		};
/* End XCBuildConfiguration section */

/* Begin XCConfigurationList section */
		C695541028AEE66100EB67E7 /* Build configuration list for PBXProject "AppleFrameworks" */ = {
			isa = XCConfigurationList;
			buildConfigurations = (
				C695542128AEE66100EB67E7 /* Debug */,
				C695542228AEE66100EB67E7 /* Release */,
			);
			defaultConfigurationIsVisible = 0;
			defaultConfigurationName = Release;
		};
		C695542328AEE66100EB67E7 /* Build configuration list for PBXNativeTarget "AppleFrameworks" */ = {
			isa = XCConfigurationList;
			buildConfigurations = (
				C695542428AEE66100EB67E7 /* Debug */,
				C695542528AEE66100EB67E7 /* Release */,
			);
			defaultConfigurationIsVisible = 0;
			defaultConfigurationName = Release;
		};
/* End XCConfigurationList section */
	};
	rootObject = C695540D28AEE66100EB67E7 /* Project object */;
}
